
Microsoft Visual Studio Solution File, Format Version 12.00
# Visual Studio Version 16
VisualStudioVersion = 16.0.30114.128
MinimumVisualStudioVersion = 10.0.40219.1
Project("{FAE04EC0-301F-11D3-BF4B-00C04F79EFBC}") = "ErrorTest", "ErrorTest\ErrorTest.csproj", "{FE4FA4D5-26A3-4EB2-A820-FC60A87F4ED6}"
EndProject
Global
	GlobalSection(SolutionConfigurationPlatforms) = preSolution
		Debug|Any CPU = Debug|Any CPU
		Release|Any CPU = Release|Any CPU
	EndGlobalSection
	GlobalSection(ProjectConfigurationPlatforms) = postSolution
		{FE4FA4D5-26A3-4EB2-A820-FC60A87F4ED6}.Debug|Any CPU.ActiveCfg = Debug|Any CPU
		{FE4FA4D5-26A3-4EB2-A820-FC60A87F4ED6}.Debug|Any CPU.Build.0 = Debug|Any CPU
		{FE4FA4D5-26A3-4EB2-A820-FC60A87F4ED6}.Release|Any CPU.ActiveCfg = Release|Any CPU
		{FE4FA4D5-26A3-4EB2-A820-FC60A87F4ED6}.Release|Any CPU.Build.0 = Release|Any CPU
	EndGlobalSection
	GlobalSection(SolutionProperties) = preSolution
		HideSolutionNode = FALSE
	EndGlobalSection
	GlobalSection(ExtensibilityGlobals) = postSolution
		SolutionGuid = {DDD43859-CEC5-4A8B-AD0A-2C8A534E94A3}
	EndGlobalSection
EndGlobal
